{
  "pins" : [
    {
      "identity" : "networking",
      "kind" : "remoteSourceControl",
      "location" : "https://github.com/oscardemoya/Networking",
      "state" : {
        "branch" : "main",
        "revision" : "d8a7084223c3b5a1225f4052c1aaf213da31cef5"
      }
    }
  ],
  "version" : 2
}
