{
  "pins" : [
    {
      "identity" : "networking",
      "kind" : "remoteSourceControl",
      "location" : "https://github.com/oscardemoya/Networking",
      "state" : {
        "branch" : "main",
        "revision" : "a49b3029d8608827261b9b7ef7d705e3a4c0a64b"
      }
    }
  ],
  "version" : 2
}
