{
  "pins" : [
    {
      "identity" : "networking",
      "kind" : "remoteSourceControl",
      "location" : "https://github.com/oscardemoya/Networking",
      "state" : {
        "branch" : "main",
        "revision" : "f9ade952e3f46257ffcddbcaa908c2dbcba6445a"
      }
    }
  ],
  "version" : 2
}
