// !$*UTF8*$!
{
	archiveVersion = 1;
	classes = {
	};
	objectVersion = 56;
	objects = {

/* Begin PBXBuildFile section */
		2664F64328F22B8B00FB3740 /* Networking in Frameworks */ = {isa = PBXBuildFile; productRef = 2664F64228F22B8B00FB3740 /* Networking */; };
		26F04A3028EE7EF100A189DA /* AppDelegate.swift in Sources */ = {isa = PBXBuildFile; fileRef = 26F04A2F28EE7EF100A189DA /* AppDelegate.swift */; };
		26F04A3228EE7EF100A189DA /* SceneDelegate.swift in Sources */ = {isa = PBXBuildFile; fileRef = 26F04A3128EE7EF100A189DA /* SceneDelegate.swift */; };
		26F04A3428EE7EF100A189DA /* ViewController.swift in Sources */ = {isa = PBXBuildFile; fileRef = 26F04A3328EE7EF100A189DA /* ViewController.swift */; };
		26F04A3728EE7EF100A189DA /* Main.storyboard in Resources */ = {isa = PBXBuildFile; fileRef = 26F04A3528EE7EF100A189DA /* Main.storyboard */; };
		26F04A3928EE7EF200A189DA /* Assets.xcassets in Resources */ = {isa = PBXBuildFile; fileRef = 26F04A3828EE7EF200A189DA /* Assets.xcassets */; };
		26F04A3C28EE7EF200A189DA /* LaunchScreen.storyboard in Resources */ = {isa = PBXBuildFile; fileRef = 26F04A3A28EE7EF200A189DA /* LaunchScreen.storyboard */; };
		26F04A4728EE7EF200A189DA /* CleanAppTests.swift in Sources */ = {isa = PBXBuildFile; fileRef = 26F04A4628EE7EF200A189DA /* CleanAppTests.swift */; };
		26F04A5128EE7EF300A189DA /* CleanAppUITests.swift in Sources */ = {isa = PBXBuildFile; fileRef = 26F04A5028EE7EF300A189DA /* CleanAppUITests.swift */; };
		26F04A5328EE7EF300A189DA /* CleanAppUITestsLaunchTests.swift in Sources */ = {isa = PBXBuildFile; fileRef = 26F04A5228EE7EF300A189DA /* CleanAppUITestsLaunchTests.swift */; };
/* End PBXBuildFile section */

/* Begin PBXContainerItemProxy section */
		26F04A4328EE7EF200A189DA /* PBXContainerItemProxy */ = {
			isa = PBXContainerItemProxy;
			containerPortal = 26F04A2428EE7EF100A189DA /* Project object */;
			proxyType = 1;
			remoteGlobalIDString = 26F04A2B28EE7EF100A189DA;
			remoteInfo = CleanApp;
		};
		26F04A4D28EE7EF300A189DA /* PBXContainerItemProxy */ = {
			isa = PBXContainerItemProxy;
			containerPortal = 26F04A2428EE7EF100A189DA /* Project object */;
			proxyType = 1;
			remoteGlobalIDString = 26F04A2B28EE7EF100A189DA;
			remoteInfo = CleanApp;
		};
/* End PBXContainerItemProxy section */

/* Begin PBXCopyFilesBuildPhase section */
		26F04A8228EE81DD00A189DA /* Embed Frameworks */ = {
			isa = PBXCopyFilesBuildPhase;
			buildActionMask = 2147483647;
			dstPath = "";
			dstSubfolderSpec = 10;
			files = (
			);
			name = "Embed Frameworks";
			runOnlyForDeploymentPostprocessing = 0;
		};
/* End PBXCopyFilesBuildPhase section */

/* Begin PBXFileReference section */
		267F5F6F28EFCEFD00249A43 /* Domain */ = {isa = PBXFileReference; lastKnownFileType = wrapper; path = Domain; sourceTree = "<group>"; };
		26F04A2C28EE7EF100A189DA /* CleanApp.app */ = {isa = PBXFileReference; explicitFileType = wrapper.application; includeInIndex = 0; path = CleanApp.app; sourceTree = BUILT_PRODUCTS_DIR; };
		26F04A2F28EE7EF100A189DA /* AppDelegate.swift */ = {isa = PBXFileReference; lastKnownFileType = sourcecode.swift; path = AppDelegate.swift; sourceTree = "<group>"; };
		26F04A3128EE7EF100A189DA /* SceneDelegate.swift */ = {isa = PBXFileReference; lastKnownFileType = sourcecode.swift; path = SceneDelegate.swift; sourceTree = "<group>"; };
		26F04A3328EE7EF100A189DA /* ViewController.swift */ = {isa = PBXFileReference; lastKnownFileType = sourcecode.swift; path = ViewController.swift; sourceTree = "<group>"; };
		26F04A3628EE7EF100A189DA /* Base */ = {isa = PBXFileReference; lastKnownFileType = file.storyboard; name = Base; path = Base.lproj/Main.storyboard; sourceTree = "<group>"; };
		26F04A3828EE7EF200A189DA /* Assets.xcassets */ = {isa = PBXFileReference; lastKnownFileType = folder.assetcatalog; path = Assets.xcassets; sourceTree = "<group>"; };
		26F04A3B28EE7EF200A189DA /* Base */ = {isa = PBXFileReference; lastKnownFileType = file.storyboard; name = Base; path = Base.lproj/LaunchScreen.storyboard; sourceTree = "<group>"; };
		26F04A3D28EE7EF200A189DA /* Info.plist */ = {isa = PBXFileReference; lastKnownFileType = text.plist.xml; path = Info.plist; sourceTree = "<group>"; };
		26F04A4228EE7EF200A189DA /* CleanAppTests.xctest */ = {isa = PBXFileReference; explicitFileType = wrapper.cfbundle; includeInIndex = 0; path = CleanAppTests.xctest; sourceTree = BUILT_PRODUCTS_DIR; };
		26F04A4628EE7EF200A189DA /* CleanAppTests.swift */ = {isa = PBXFileReference; lastKnownFileType = sourcecode.swift; path = CleanAppTests.swift; sourceTree = "<group>"; };
		26F04A4C28EE7EF300A189DA /* CleanAppUITests.xctest */ = {isa = PBXFileReference; explicitFileType = wrapper.cfbundle; includeInIndex = 0; path = CleanAppUITests.xctest; sourceTree = BUILT_PRODUCTS_DIR; };
		26F04A5028EE7EF300A189DA /* CleanAppUITests.swift */ = {isa = PBXFileReference; lastKnownFileType = sourcecode.swift; path = CleanAppUITests.swift; sourceTree = "<group>"; };
		26F04A5228EE7EF300A189DA /* CleanAppUITestsLaunchTests.swift */ = {isa = PBXFileReference; lastKnownFileType = sourcecode.swift; path = CleanAppUITestsLaunchTests.swift; sourceTree = "<group>"; };
/* End PBXFileReference section */

/* Begin PBXFrameworksBuildPhase section */
		26F04A2928EE7EF100A189DA /* Frameworks */ = {
			isa = PBXFrameworksBuildPhase;
			buildActionMask = 2147483647;
			files = (
				2664F64328F22B8B00FB3740 /* Networking in Frameworks */,
			);
			runOnlyForDeploymentPostprocessing = 0;
		};
		26F04A3F28EE7EF200A189DA /* Frameworks */ = {
			isa = PBXFrameworksBuildPhase;
			buildActionMask = 2147483647;
			files = (
			);
			runOnlyForDeploymentPostprocessing = 0;
		};
		26F04A4928EE7EF300A189DA /* Frameworks */ = {
			isa = PBXFrameworksBuildPhase;
			buildActionMask = 2147483647;
			files = (
			);
			runOnlyForDeploymentPostprocessing = 0;
		};
/* End PBXFrameworksBuildPhase section */

/* Begin PBXGroup section */
		26F04A2328EE7EF100A189DA = {
			isa = PBXGroup;
			children = (
				26F2213528EFBBAC004737D9 /* Packages */,
				26F04A2E28EE7EF100A189DA /* CleanApp */,
				26F04A2D28EE7EF100A189DA /* Products */,
			);
			sourceTree = "<group>";
		};
		26F04A2D28EE7EF100A189DA /* Products */ = {
			isa = PBXGroup;
			children = (
				26F04A2C28EE7EF100A189DA /* CleanApp.app */,
				26F04A4228EE7EF200A189DA /* CleanAppTests.xctest */,
				26F04A4C28EE7EF300A189DA /* CleanAppUITests.xctest */,
			);
			name = Products;
			sourceTree = "<group>";
		};
		26F04A2E28EE7EF100A189DA /* CleanApp */ = {
			isa = PBXGroup;
			children = (
				26F04A5F28EE7F3E00A189DA /* Application */,
				26F04A6128EE7F5900A189DA /* Config */,
				26F04A6028EE7F5200A189DA /* Resources */,
				26F04A4528EE7EF200A189DA /* Tests */,
				26F04A4F28EE7EF300A189DA /* UITests */,
			);
			path = CleanApp;
			sourceTree = "<group>";
		};
		26F04A4528EE7EF200A189DA /* Tests */ = {
			isa = PBXGroup;
			children = (
				26F04A4628EE7EF200A189DA /* CleanAppTests.swift */,
			);
			path = Tests;
			sourceTree = "<group>";
		};
		26F04A4F28EE7EF300A189DA /* UITests */ = {
			isa = PBXGroup;
			children = (
				26F04A5028EE7EF300A189DA /* CleanAppUITests.swift */,
				26F04A5228EE7EF300A189DA /* CleanAppUITestsLaunchTests.swift */,
			);
			path = UITests;
			sourceTree = "<group>";
		};
		26F04A5F28EE7F3E00A189DA /* Application */ = {
			isa = PBXGroup;
			children = (
				26F04A6328EE806700A189DA /* Launch */,
				26F04A6228EE7F7200A189DA /* Main */,
			);
			path = Application;
			sourceTree = "<group>";
		};
		26F04A6028EE7F5200A189DA /* Resources */ = {
			isa = PBXGroup;
			children = (
				26F04A3828EE7EF200A189DA /* Assets.xcassets */,
			);
			path = Resources;
			sourceTree = "<group>";
		};
		26F04A6128EE7F5900A189DA /* Config */ = {
			isa = PBXGroup;
			children = (
				26F04A3D28EE7EF200A189DA /* Info.plist */,
			);
			path = Config;
			sourceTree = "<group>";
		};
		26F04A6228EE7F7200A189DA /* Main */ = {
			isa = PBXGroup;
			children = (
				26F04A3328EE7EF100A189DA /* ViewController.swift */,
				26F04A3528EE7EF100A189DA /* Main.storyboard */,
			);
			path = Main;
			sourceTree = "<group>";
		};
		26F04A6328EE806700A189DA /* Launch */ = {
			isa = PBXGroup;
			children = (
				26F04A2F28EE7EF100A189DA /* AppDelegate.swift */,
				26F04A3128EE7EF100A189DA /* SceneDelegate.swift */,
				26F04A3A28EE7EF200A189DA /* LaunchScreen.storyboard */,
			);
			path = Launch;
			sourceTree = "<group>";
		};
		26F2213528EFBBAC004737D9 /* Packages */ = {
			isa = PBXGroup;
			children = (
				267F5F6F28EFCEFD00249A43 /* Domain */,
			);
			path = Packages;
			sourceTree = "<group>";
		};
/* End PBXGroup section */

/* Begin PBXNativeTarget section */
		26F04A2B28EE7EF100A189DA /* CleanApp */ = {
			isa = PBXNativeTarget;
			buildConfigurationList = 26F04A5628EE7EF300A189DA /* Build configuration list for PBXNativeTarget "CleanApp" */;
			buildPhases = (
				26F04A6428EE80EC00A189DA /* SwiftLint */,
				26F04A2828EE7EF100A189DA /* Sources */,
				26F04A2928EE7EF100A189DA /* Frameworks */,
				26F04A2A28EE7EF100A189DA /* Resources */,
				26F04A8228EE81DD00A189DA /* Embed Frameworks */,
			);
			buildRules = (
			);
			dependencies = (
				26EC40B728EFD22F00980322 /* PBXTargetDependency */,
				268295F228EFBC9500DFFFD3 /* PBXTargetDependency */,
			);
			name = CleanApp;
			packageProductDependencies = (
				2664F64228F22B8B00FB3740 /* Networking */,
			);
			productName = CleanApp;
			productReference = 26F04A2C28EE7EF100A189DA /* CleanApp.app */;
			productType = "com.apple.product-type.application";
		};
		26F04A4128EE7EF200A189DA /* CleanAppTests */ = {
			isa = PBXNativeTarget;
			buildConfigurationList = 26F04A5928EE7EF300A189DA /* Build configuration list for PBXNativeTarget "CleanAppTests" */;
			buildPhases = (
				26F04A3E28EE7EF200A189DA /* Sources */,
				26F04A3F28EE7EF200A189DA /* Frameworks */,
				26F04A4028EE7EF200A189DA /* Resources */,
			);
			buildRules = (
			);
			dependencies = (
				26F04A4428EE7EF200A189DA /* PBXTargetDependency */,
			);
			name = CleanAppTests;
			productName = CleanAppTests;
			productReference = 26F04A4228EE7EF200A189DA /* CleanAppTests.xctest */;
			productType = "com.apple.product-type.bundle.unit-test";
		};
		26F04A4B28EE7EF300A189DA /* CleanAppUITests */ = {
			isa = PBXNativeTarget;
			buildConfigurationList = 26F04A5C28EE7EF300A189DA /* Build configuration list for PBXNativeTarget "CleanAppUITests" */;
			buildPhases = (
				26F04A4828EE7EF300A189DA /* Sources */,
				26F04A4928EE7EF300A189DA /* Frameworks */,
				26F04A4A28EE7EF300A189DA /* Resources */,
			);
			buildRules = (
			);
			dependencies = (
				26F04A4E28EE7EF300A189DA /* PBXTargetDependency */,
			);
			name = CleanAppUITests;
			productName = CleanAppUITests;
			productReference = 26F04A4C28EE7EF300A189DA /* CleanAppUITests.xctest */;
			productType = "com.apple.product-type.bundle.ui-testing";
		};
/* End PBXNativeTarget section */

/* Begin PBXProject section */
		26F04A2428EE7EF100A189DA /* Project object */ = {
			isa = PBXProject;
			attributes = {
				BuildIndependentTargetsInParallel = 1;
				LastSwiftUpdateCheck = 1400;
				LastUpgradeCheck = 1400;
				ORGANIZATIONNAME = "Oscar De Moya";
				TargetAttributes = {
					26F04A2B28EE7EF100A189DA = {
						CreatedOnToolsVersion = 14.0.1;
					};
					26F04A4128EE7EF200A189DA = {
						CreatedOnToolsVersion = 14.0.1;
						TestTargetID = 26F04A2B28EE7EF100A189DA;
					};
					26F04A4B28EE7EF300A189DA = {
						CreatedOnToolsVersion = 14.0.1;
						TestTargetID = 26F04A2B28EE7EF100A189DA;
					};
				};
			};
			buildConfigurationList = 26F04A2728EE7EF100A189DA /* Build configuration list for PBXProject "CleanApp" */;
			compatibilityVersion = "Xcode 14.0";
			developmentRegion = en;
			hasScannedForEncodings = 0;
			knownRegions = (
				en,
				Base,
			);
			mainGroup = 26F04A2328EE7EF100A189DA;
			packageReferences = (
				2664F64128F22B8B00FB3740 /* XCRemoteSwiftPackageReference "Networking" */,
			);
			productRefGroup = 26F04A2D28EE7EF100A189DA /* Products */;
			projectDirPath = "";
			projectRoot = "";
			targets = (
				26F04A2B28EE7EF100A189DA /* CleanApp */,
				26F04A4128EE7EF200A189DA /* CleanAppTests */,
				26F04A4B28EE7EF300A189DA /* CleanAppUITests */,
			);
		};
/* End PBXProject section */

/* Begin PBXResourcesBuildPhase section */
		26F04A2A28EE7EF100A189DA /* Resources */ = {
			isa = PBXResourcesBuildPhase;
			buildActionMask = 2147483647;
			files = (
				26F04A3C28EE7EF200A189DA /* LaunchScreen.storyboard in Resources */,
				26F04A3928EE7EF200A189DA /* Assets.xcassets in Resources */,
				26F04A3728EE7EF100A189DA /* Main.storyboard in Resources */,
			);
			runOnlyForDeploymentPostprocessing = 0;
		};
		26F04A4028EE7EF200A189DA /* Resources */ = {
			isa = PBXResourcesBuildPhase;
			buildActionMask = 2147483647;
			files = (
			);
			runOnlyForDeploymentPostprocessing = 0;
		};
		26F04A4A28EE7EF300A189DA /* Resources */ = {
			isa = PBXResourcesBuildPhase;
			buildActionMask = 2147483647;
			files = (
			);
			runOnlyForDeploymentPostprocessing = 0;
		};
/* End PBXResourcesBuildPhase section */

/* Begin PBXShellScriptBuildPhase section */
		26F04A6428EE80EC00A189DA /* SwiftLint */ = {
			isa = PBXShellScriptBuildPhase;
			alwaysOutOfDate = 1;
			buildActionMask = 12;
			files = (
			);
			inputFileListPaths = (
			);
			inputPaths = (
			);
			name = SwiftLint;
			outputFileListPaths = (
			);
			outputPaths = (
			);
			runOnlyForDeploymentPostprocessing = 0;
			shellPath = /bin/sh;
			shellScript = "export PATH=\"$PATH:/opt/homebrew/bin\"\nif which swiftlint > /dev/null; then\n  swiftlint\nelse\n  echo \"warning: SwiftLint not installed, download from https://github.com/realm/SwiftLint\"\nfi\n";
		};
/* End PBXShellScriptBuildPhase section */

/* Begin PBXSourcesBuildPhase section */
		26F04A2828EE7EF100A189DA /* Sources */ = {
			isa = PBXSourcesBuildPhase;
			buildActionMask = 2147483647;
			files = (
				26F04A3428EE7EF100A189DA /* ViewController.swift in Sources */,
				26F04A3028EE7EF100A189DA /* AppDelegate.swift in Sources */,
				26F04A3228EE7EF100A189DA /* SceneDelegate.swift in Sources */,
			);
			runOnlyForDeploymentPostprocessing = 0;
		};
		26F04A3E28EE7EF200A189DA /* Sources */ = {
			isa = PBXSourcesBuildPhase;
			buildActionMask = 2147483647;
			files = (
				26F04A4728EE7EF200A189DA /* CleanAppTests.swift in Sources */,
			);
			runOnlyForDeploymentPostprocessing = 0;
		};
		26F04A4828EE7EF300A189DA /* Sources */ = {
			isa = PBXSourcesBuildPhase;
			buildActionMask = 2147483647;
			files = (
				26F04A5328EE7EF300A189DA /* CleanAppUITestsLaunchTests.swift in Sources */,
				26F04A5128EE7EF300A189DA /* CleanAppUITests.swift in Sources */,
			);
			runOnlyForDeploymentPostprocessing = 0;
		};
/* End PBXSourcesBuildPhase section */

/* Begin PBXTargetDependency section */
		268295F228EFBC9500DFFFD3 /* PBXTargetDependency */ = {
			isa = PBXTargetDependency;
			productRef = 268295F128EFBC9500DFFFD3 /* Domain */;
		};
		26EC40B728EFD22F00980322 /* PBXTargetDependency */ = {
			isa = PBXTargetDependency;
			productRef = 26EC40B628EFD22F00980322 /* Common */;
		};
		26F04A4428EE7EF200A189DA /* PBXTargetDependency */ = {
			isa = PBXTargetDependency;
			target = 26F04A2B28EE7EF100A189DA /* CleanApp */;
			targetProxy = 26F04A4328EE7EF200A189DA /* PBXContainerItemProxy */;
		};
		26F04A4E28EE7EF300A189DA /* PBXTargetDependency */ = {
			isa = PBXTargetDependency;
			target = 26F04A2B28EE7EF100A189DA /* CleanApp */;
			targetProxy = 26F04A4D28EE7EF300A189DA /* PBXContainerItemProxy */;
		};
/* End PBXTargetDependency section */

/* Begin PBXVariantGroup section */
		26F04A3528EE7EF100A189DA /* Main.storyboard */ = {
			isa = PBXVariantGroup;
			children = (
				26F04A3628EE7EF100A189DA /* Base */,
			);
			name = Main.storyboard;
			sourceTree = "<group>";
		};
		26F04A3A28EE7EF200A189DA /* LaunchScreen.storyboard */ = {
			isa = PBXVariantGroup;
			children = (
				26F04A3B28EE7EF200A189DA /* Base */,
			);
			name = LaunchScreen.storyboard;
			sourceTree = "<group>";
		};
/* End PBXVariantGroup section */

/* Begin XCBuildConfiguration section */
		26F04A5428EE7EF300A189DA /* Debug */ = {
			isa = XCBuildConfiguration;
			buildSettings = {
				ALWAYS_SEARCH_USER_PATHS = NO;
				CLANG_ANALYZER_NONNULL = YES;
				CLANG_ANALYZER_NUMBER_OBJECT_CONVERSION = YES_AGGRESSIVE;
				CLANG_CXX_LANGUAGE_STANDARD = "gnu++20";
				CLANG_ENABLE_MODULES = YES;
				CLANG_ENABLE_OBJC_ARC = YES;
				CLANG_ENABLE_OBJC_WEAK = YES;
				CLANG_WARN_BLOCK_CAPTURE_AUTORELEASING = YES;
				CLANG_WARN_BOOL_CONVERSION = YES;
				CLANG_WARN_COMMA = YES;
				CLANG_WARN_CONSTANT_CONVERSION = YES;
				CLANG_WARN_DEPRECATED_OBJC_IMPLEMENTATIONS = YES;
				CLANG_WARN_DIRECT_OBJC_ISA_USAGE = YES_ERROR;
				CLANG_WARN_DOCUMENTATION_COMMENTS = YES;
				CLANG_WARN_EMPTY_BODY = YES;
				CLANG_WARN_ENUM_CONVERSION = YES;
				CLANG_WARN_INFINITE_RECURSION = YES;
				CLANG_WARN_INT_CONVERSION = YES;
				CLANG_WARN_NON_LITERAL_NULL_CONVERSION = YES;
				CLANG_WARN_OBJC_IMPLICIT_RETAIN_SELF = YES;
				CLANG_WARN_OBJC_LITERAL_CONVERSION = YES;
				CLANG_WARN_OBJC_ROOT_CLASS = YES_ERROR;
				CLANG_WARN_QUOTED_INCLUDE_IN_FRAMEWORK_HEADER = YES;
				CLANG_WARN_RANGE_LOOP_ANALYSIS = YES;
				CLANG_WARN_STRICT_PROTOTYPES = YES;
				CLANG_WARN_SUSPICIOUS_MOVE = YES;
				CLANG_WARN_UNGUARDED_AVAILABILITY = YES_AGGRESSIVE;
				CLANG_WARN_UNREACHABLE_CODE = YES;
				CLANG_WARN__DUPLICATE_METHOD_MATCH = YES;
				COPY_PHASE_STRIP = NO;
				DEBUG_INFORMATION_FORMAT = dwarf;
				ENABLE_STRICT_OBJC_MSGSEND = YES;
				ENABLE_TESTABILITY = YES;
				GCC_C_LANGUAGE_STANDARD = gnu11;
				GCC_DYNAMIC_NO_PIC = NO;
				GCC_NO_COMMON_BLOCKS = YES;
				GCC_OPTIMIZATION_LEVEL = 0;
				GCC_PREPROCESSOR_DEFINITIONS = (
					"DEBUG=1",
					"$(inherited)",
				);
				GCC_WARN_64_TO_32_BIT_CONVERSION = YES;
				GCC_WARN_ABOUT_RETURN_TYPE = YES_ERROR;
				GCC_WARN_UNDECLARED_SELECTOR = YES;
				GCC_WARN_UNINITIALIZED_AUTOS = YES_AGGRESSIVE;
				GCC_WARN_UNUSED_FUNCTION = YES;
				GCC_WARN_UNUSED_VARIABLE = YES;
				IPHONEOS_DEPLOYMENT_TARGET = 16.0;
				MTL_ENABLE_DEBUG_INFO = INCLUDE_SOURCE;
				MTL_FAST_MATH = YES;
				ONLY_ACTIVE_ARCH = YES;
				SDKROOT = iphoneos;
				SWIFT_ACTIVE_COMPILATION_CONDITIONS = DEBUG;
				SWIFT_OPTIMIZATION_LEVEL = "-Onone";
			};
			name = Debug;
		};
		26F04A5528EE7EF300A189DA /* Release */ = {
			isa = XCBuildConfiguration;
			buildSettings = {
				ALWAYS_SEARCH_USER_PATHS = NO;
				CLANG_ANALYZER_NONNULL = YES;
				CLANG_ANALYZER_NUMBER_OBJECT_CONVERSION = YES_AGGRESSIVE;
				CLANG_CXX_LANGUAGE_STANDARD = "gnu++20";
				CLANG_ENABLE_MODULES = YES;
				CLANG_ENABLE_OBJC_ARC = YES;
				CLANG_ENABLE_OBJC_WEAK = YES;
				CLANG_WARN_BLOCK_CAPTURE_AUTORELEASING = YES;
				CLANG_WARN_BOOL_CONVERSION = YES;
				CLANG_WARN_COMMA = YES;
				CLANG_WARN_CONSTANT_CONVERSION = YES;
				CLANG_WARN_DEPRECATED_OBJC_IMPLEMENTATIONS = YES;
				CLANG_WARN_DIRECT_OBJC_ISA_USAGE = YES_ERROR;
				CLANG_WARN_DOCUMENTATION_COMMENTS = YES;
				CLANG_WARN_EMPTY_BODY = YES;
				CLANG_WARN_ENUM_CONVERSION = YES;
				CLANG_WARN_INFINITE_RECURSION = YES;
				CLANG_WARN_INT_CONVERSION = YES;
				CLANG_WARN_NON_LITERAL_NULL_CONVERSION = YES;
				CLANG_WARN_OBJC_IMPLICIT_RETAIN_SELF = YES;
				CLANG_WARN_OBJC_LITERAL_CONVERSION = YES;
				CLANG_WARN_OBJC_ROOT_CLASS = YES_ERROR;
				CLANG_WARN_QUOTED_INCLUDE_IN_FRAMEWORK_HEADER = YES;
				CLANG_WARN_RANGE_LOOP_ANALYSIS = YES;
				CLANG_WARN_STRICT_PROTOTYPES = YES;
				CLANG_WARN_SUSPICIOUS_MOVE = YES;
				CLANG_WARN_UNGUARDED_AVAILABILITY = YES_AGGRESSIVE;
				CLANG_WARN_UNREACHABLE_CODE = YES;
				CLANG_WARN__DUPLICATE_METHOD_MATCH = YES;
				COPY_PHASE_STRIP = NO;
				DEBUG_INFORMATION_FORMAT = "dwarf-with-dsym";
				ENABLE_NS_ASSERTIONS = NO;
				ENABLE_STRICT_OBJC_MSGSEND = YES;
				GCC_C_LANGUAGE_STANDARD = gnu11;
				GCC_NO_COMMON_BLOCKS = YES;
				GCC_WARN_64_TO_32_BIT_CONVERSION = YES;
				GCC_WARN_ABOUT_RETURN_TYPE = YES_ERROR;
				GCC_WARN_UNDECLARED_SELECTOR = YES;
				GCC_WARN_UNINITIALIZED_AUTOS = YES_AGGRESSIVE;
				GCC_WARN_UNUSED_FUNCTION = YES;
				GCC_WARN_UNUSED_VARIABLE = YES;
				IPHONEOS_DEPLOYMENT_TARGET = 16.0;
				MTL_ENABLE_DEBUG_INFO = NO;
				MTL_FAST_MATH = YES;
				SDKROOT = iphoneos;
				SWIFT_COMPILATION_MODE = wholemodule;
				SWIFT_OPTIMIZATION_LEVEL = "-O";
				VALIDATE_PRODUCT = YES;
			};
			name = Release;
		};
		26F04A5728EE7EF300A189DA /* Debug */ = {
			isa = XCBuildConfiguration;
			buildSettings = {
				ASSETCATALOG_COMPILER_APPICON_NAME = AppIcon;
				ASSETCATALOG_COMPILER_GLOBAL_ACCENT_COLOR_NAME = AccentColor;
				CODE_SIGN_STYLE = Automatic;
				CURRENT_PROJECT_VERSION = 1;
				DEVELOPMENT_TEAM = 2SX22G7K33;
				GENERATE_INFOPLIST_FILE = YES;
				INFOPLIST_FILE = CleanApp/Config/Info.plist;
				INFOPLIST_KEY_UIApplicationSupportsIndirectInputEvents = YES;
				INFOPLIST_KEY_UILaunchStoryboardName = LaunchScreen;
				INFOPLIST_KEY_UIMainStoryboardFile = Main;
				INFOPLIST_KEY_UISupportedInterfaceOrientations_iPad = "UIInterfaceOrientationPortrait UIInterfaceOrientationPortraitUpsideDown UIInterfaceOrientationLandscapeLeft UIInterfaceOrientationLandscapeRight";
				INFOPLIST_KEY_UISupportedInterfaceOrientations_iPhone = "UIInterfaceOrientationPortrait UIInterfaceOrientationLandscapeLeft UIInterfaceOrientationLandscapeRight";
				LD_RUNPATH_SEARCH_PATHS = (
					"$(inherited)",
					"@executable_path/Frameworks",
				);
				MARKETING_VERSION = 1.0;
				PRODUCT_BUNDLE_IDENTIFIER = com.odm.CleanApp;
				PRODUCT_NAME = "$(TARGET_NAME)";
				SWIFT_EMIT_LOC_STRINGS = YES;
				SWIFT_VERSION = 5.0;
				TARGETED_DEVICE_FAMILY = "1,2";
			};
			name = Debug;
		};
		26F04A5828EE7EF300A189DA /* Release */ = {
			isa = XCBuildConfiguration;
			buildSettings = {
				ASSETCATALOG_COMPILER_APPICON_NAME = AppIcon;
				ASSETCATALOG_COMPILER_GLOBAL_ACCENT_COLOR_NAME = AccentColor;
				CODE_SIGN_STYLE = Automatic;
				CURRENT_PROJECT_VERSION = 1;
				DEVELOPMENT_TEAM = 2SX22G7K33;
				GENERATE_INFOPLIST_FILE = YES;
				INFOPLIST_FILE = CleanApp/Config/Info.plist;
				INFOPLIST_KEY_UIApplicationSupportsIndirectInputEvents = YES;
				INFOPLIST_KEY_UILaunchStoryboardName = LaunchScreen;
				INFOPLIST_KEY_UIMainStoryboardFile = Main;
				INFOPLIST_KEY_UISupportedInterfaceOrientations_iPad = "UIInterfaceOrientationPortrait UIInterfaceOrientationPortraitUpsideDown UIInterfaceOrientationLandscapeLeft UIInterfaceOrientationLandscapeRight";
				INFOPLIST_KEY_UISupportedInterfaceOrientations_iPhone = "UIInterfaceOrientationPortrait UIInterfaceOrientationLandscapeLeft UIInterfaceOrientationLandscapeRight";
				LD_RUNPATH_SEARCH_PATHS = (
					"$(inherited)",
					"@executable_path/Frameworks",
				);
				MARKETING_VERSION = 1.0;
				PRODUCT_BUNDLE_IDENTIFIER = com.odm.CleanApp;
				PRODUCT_NAME = "$(TARGET_NAME)";
				SWIFT_EMIT_LOC_STRINGS = YES;
				SWIFT_VERSION = 5.0;
				TARGETED_DEVICE_FAMILY = "1,2";
			};
			name = Release;
		};
		26F04A5A28EE7EF300A189DA /* Debug */ = {
			isa = XCBuildConfiguration;
			buildSettings = {
				ALWAYS_EMBED_SWIFT_STANDARD_LIBRARIES = YES;
				BUNDLE_LOADER = "$(TEST_HOST)";
				CODE_SIGN_STYLE = Automatic;
				CURRENT_PROJECT_VERSION = 1;
				DEVELOPMENT_TEAM = 2SX22G7K33;
				GENERATE_INFOPLIST_FILE = YES;
				IPHONEOS_DEPLOYMENT_TARGET = 16.0;
				MARKETING_VERSION = 1.0;
				PRODUCT_BUNDLE_IDENTIFIER = com.odm.CleanAppTests;
				PRODUCT_NAME = "$(TARGET_NAME)";
				SWIFT_EMIT_LOC_STRINGS = NO;
				SWIFT_VERSION = 5.0;
				TARGETED_DEVICE_FAMILY = "1,2";
				TEST_HOST = "$(BUILT_PRODUCTS_DIR)/CleanApp.app/$(BUNDLE_EXECUTABLE_FOLDER_PATH)/CleanApp";
			};
			name = Debug;
		};
		26F04A5B28EE7EF300A189DA /* Release */ = {
			isa = XCBuildConfiguration;
			buildSettings = {
				ALWAYS_EMBED_SWIFT_STANDARD_LIBRARIES = YES;
				BUNDLE_LOADER = "$(TEST_HOST)";
				CODE_SIGN_STYLE = Automatic;
				CURRENT_PROJECT_VERSION = 1;
				DEVELOPMENT_TEAM = 2SX22G7K33;
				GENERATE_INFOPLIST_FILE = YES;
				IPHONEOS_DEPLOYMENT_TARGET = 16.0;
				MARKETING_VERSION = 1.0;
				PRODUCT_BUNDLE_IDENTIFIER = com.odm.CleanAppTests;
				PRODUCT_NAME = "$(TARGET_NAME)";
				SWIFT_EMIT_LOC_STRINGS = NO;
				SWIFT_VERSION = 5.0;
				TARGETED_DEVICE_FAMILY = "1,2";
				TEST_HOST = "$(BUILT_PRODUCTS_DIR)/CleanApp.app/$(BUNDLE_EXECUTABLE_FOLDER_PATH)/CleanApp";
			};
			name = Release;
		};
		26F04A5D28EE7EF300A189DA /* Debug */ = {
			isa = XCBuildConfiguration;
			buildSettings = {
				ALWAYS_EMBED_SWIFT_STANDARD_LIBRARIES = YES;
				CODE_SIGN_STYLE = Automatic;
				CURRENT_PROJECT_VERSION = 1;
				DEVELOPMENT_TEAM = 2SX22G7K33;
				GENERATE_INFOPLIST_FILE = YES;
				MARKETING_VERSION = 1.0;
				PRODUCT_BUNDLE_IDENTIFIER = com.odm.CleanAppUITests;
				PRODUCT_NAME = "$(TARGET_NAME)";
				SWIFT_EMIT_LOC_STRINGS = NO;
				SWIFT_VERSION = 5.0;
				TARGETED_DEVICE_FAMILY = "1,2";
				TEST_TARGET_NAME = CleanApp;
			};
			name = Debug;
		};
		26F04A5E28EE7EF300A189DA /* Release */ = {
			isa = XCBuildConfiguration;
			buildSettings = {
				ALWAYS_EMBED_SWIFT_STANDARD_LIBRARIES = YES;
				CODE_SIGN_STYLE = Automatic;
				CURRENT_PROJECT_VERSION = 1;
				DEVELOPMENT_TEAM = 2SX22G7K33;
				GENERATE_INFOPLIST_FILE = YES;
				MARKETING_VERSION = 1.0;
				PRODUCT_BUNDLE_IDENTIFIER = com.odm.CleanAppUITests;
				PRODUCT_NAME = "$(TARGET_NAME)";
				SWIFT_EMIT_LOC_STRINGS = NO;
				SWIFT_VERSION = 5.0;
				TARGETED_DEVICE_FAMILY = "1,2";
				TEST_TARGET_NAME = CleanApp;
			};
			name = Release;
		};
/* End XCBuildConfiguration section */

/* Begin XCConfigurationList section */
		26F04A2728EE7EF100A189DA /* Build configuration list for PBXProject "CleanApp" */ = {
			isa = XCConfigurationList;
			buildConfigurations = (
				26F04A5428EE7EF300A189DA /* Debug */,
				26F04A5528EE7EF300A189DA /* Release */,
			);
			defaultConfigurationIsVisible = 0;
			defaultConfigurationName = Release;
		};
		26F04A5628EE7EF300A189DA /* Build configuration list for PBXNativeTarget "CleanApp" */ = {
			isa = XCConfigurationList;
			buildConfigurations = (
				26F04A5728EE7EF300A189DA /* Debug */,
				26F04A5828EE7EF300A189DA /* Release */,
			);
			defaultConfigurationIsVisible = 0;
			defaultConfigurationName = Release;
		};
		26F04A5928EE7EF300A189DA /* Build configuration list for PBXNativeTarget "CleanAppTests" */ = {
			isa = XCConfigurationList;
			buildConfigurations = (
				26F04A5A28EE7EF300A189DA /* Debug */,
				26F04A5B28EE7EF300A189DA /* Release */,
			);
			defaultConfigurationIsVisible = 0;
			defaultConfigurationName = Release;
		};
		26F04A5C28EE7EF300A189DA /* Build configuration list for PBXNativeTarget "CleanAppUITests" */ = {
			isa = XCConfigurationList;
			buildConfigurations = (
				26F04A5D28EE7EF300A189DA /* Debug */,
				26F04A5E28EE7EF300A189DA /* Release */,
			);
			defaultConfigurationIsVisible = 0;
			defaultConfigurationName = Release;
		};
/* End XCConfigurationList section */

/* Begin XCRemoteSwiftPackageReference section */
		2664F64128F22B8B00FB3740 /* XCRemoteSwiftPackageReference "Networking" */ = {
			isa = XCRemoteSwiftPackageReference;
			repositoryURL = "https://github.com/oscardemoya/Networking";
			requirement = {
				branch = main;
				kind = branch;
			};
		};
/* End XCRemoteSwiftPackageReference section */

/* Begin XCSwiftPackageProductDependency section */
		2664F64228F22B8B00FB3740 /* Networking */ = {
			isa = XCSwiftPackageProductDependency;
			package = 2664F64128F22B8B00FB3740 /* XCRemoteSwiftPackageReference "Networking" */;
			productName = Networking;
		};
		268295F128EFBC9500DFFFD3 /* Domain */ = {
			isa = XCSwiftPackageProductDependency;
			productName = Domain;
		};
		26EC40B628EFD22F00980322 /* Common */ = {
			isa = XCSwiftPackageProductDependency;
			productName = Common;
		};
/* End XCSwiftPackageProductDependency section */
	};
	rootObject = 26F04A2428EE7EF100A189DA /* Project object */;
}
